
Microsoft Visual Studio Solution File, Format Version 12.00
# Visual Studio Version 16
VisualStudioVersion = 16.0.30320.27
MinimumVisualStudioVersion = 10.0.40219.1
Project("{FAE04EC0-301F-11D3-BF4B-00C04F79EFBC}") = "FFMPEG_TUTORIAL1", "FFMPEG_TUTORIAL1.csproj", "{53C6ADC1-2FF1-4A5E-885D-B418769A69E4}"
EndProject
Global
	GlobalSection(SolutionConfigurationPlatforms) = preSolution
		Debug|Any CPU = Debug|Any CPU
		Release|Any CPU = Release|Any CPU
	EndGlobalSection
	GlobalSection(ProjectConfigurationPlatforms) = postSolution
		{53C6ADC1-2FF1-4A5E-885D-B418769A69E4}.Debug|Any CPU.ActiveCfg = Debug|Any CPU
		{53C6ADC1-2FF1-4A5E-885D-B418769A69E4}.Debug|Any CPU.Build.0 = Debug|Any CPU
		{53C6ADC1-2FF1-4A5E-885D-B418769A69E4}.Release|Any CPU.ActiveCfg = Release|Any CPU
		{53C6ADC1-2FF1-4A5E-885D-B418769A69E4}.Release|Any CPU.Build.0 = Release|Any CPU
	EndGlobalSection
	GlobalSection(SolutionProperties) = preSolution
		HideSolutionNode = FALSE
	EndGlobalSection
	GlobalSection(ExtensibilityGlobals) = postSolution
		SolutionGuid = {28665CFD-F24A-4D94-97EC-81E413671DA9}
	EndGlobalSection
EndGlobal
